
Microsoft Visual Studio Solution File, Format Version 12.00
# Visual Studio Version 17
VisualStudioVersion = 17.12.35527.113
MinimumVisualStudioVersion = 10.0.40219.1
Project("{FAE04EC0-301F-11D3-BF4B-00C04F79EFBC}") = "DoMyBoringWorkByScript", "DoMyBoringWorkByScript\DoMyBoringWorkByScript.csproj", "{879F9D65-C876-439E-96C5-9BBEDB6439AD}"
EndProject
Global
	GlobalSection(SolutionConfigurationPlatforms) = preSolution
		Debug|Any CPU = Debug|Any CPU
		Release|Any CPU = Release|Any CPU
	EndGlobalSection
	GlobalSection(ProjectConfigurationPlatforms) = postSolution
		{879F9D65-C876-439E-96C5-9BBEDB6439AD}.Debug|Any CPU.ActiveCfg = Debug|Any CPU
		{879F9D65-C876-439E-96C5-9BBEDB6439AD}.Debug|Any CPU.Build.0 = Debug|Any CPU
		{879F9D65-C876-439E-96C5-9BBEDB6439AD}.Release|Any CPU.ActiveCfg = Release|Any CPU
		{879F9D65-C876-439E-96C5-9BBEDB6439AD}.Release|Any CPU.Build.0 = Release|Any CPU
	EndGlobalSection
	GlobalSection(SolutionProperties) = preSolution
		HideSolutionNode = FALSE
	EndGlobalSection
EndGlobal
